
Microsoft Visual Studio Solution File, Format Version 12.00
# Visual Studio 15
VisualStudioVersion = 15.0.27004.2009
MinimumVisualStudioVersion = 10.0.40219.1
Project("{930C7802-8A8C-48F9-8165-68863BCCD9DD}") = "Setup", "SetupProject1\Setup.wixproj", "{63799059-A662-47C3-A1C7-F8E6608ADA5D}"
EndProject
Project("{930C7802-8A8C-48F9-8165-68863BCCD9DD}") = "Bundle", "WixBundle1\Bundle.wixproj", "{5225E662-57B9-4876-9CD1-D485F8394E3C}"
EndProject
Project("{FAE04EC0-301F-11D3-BF4B-00C04F79EFBC}") = "CustomBA", "CustomBA\CustomBA.csproj", "{0CC820FB-9B66-4C92-8906-7C9CB93C422B}"
EndProject
Project("{2150E333-8FDC-42A3-9474-1A3956D46DE8}") = "modify", "modify", "{8D904F35-FB69-42A6-BDC0-1A9325B40B8A}"
	ProjectSection(SolutionItems) = preProject
		C:\Users\Worker\Desktop\cmd.txt = C:\Users\Worker\Desktop\cmd.txt
		modify\dtfref.shfbproj = modify\dtfref.shfbproj
		modify\registration.cpp = modify\registration.cpp
		modify\wix.pub = modify\wix.pub
		modify\wix.snk = modify\wix.snk
	EndProjectSection
EndProject
Project("{930C7802-8A8C-48F9-8165-68863BCCD9DD}") = "BundleOEM1", "WixBundleOEM1\BundleOEM1.wixproj", "{5CF343CA-CE71-48BF-8231-9C05B5141997}"
EndProject
Project("{FAE04EC0-301F-11D3-BF4B-00C04F79EFBC}") = "CustomBAOEM1", "CustomBAOEM1\CustomBAOEM1.csproj", "{73E1E80A-B2AD-4277-9E5A-7777732E473F}"
EndProject
Project("{930C7802-8A8C-48F9-8165-68863BCCD9DD}") = "SetupOEM1", "SetupProjectOEM1\SetupOEM1.wixproj", "{9E827E90-AF19-4C6C-9CC0-68520FE2D48D}"
EndProject
Project("{FAE04EC0-301F-11D3-BF4B-00C04F79EFBC}") = "CustomBAOEM2", "CustomBAOEM2\CustomBAOEM2.csproj", "{5474B4BB-A1FD-4CAC-8538-0E1792805DDC}"
EndProject
Project("{930C7802-8A8C-48F9-8165-68863BCCD9DD}") = "SetupOEM2", "SetupProjectOEM2\SetupOEM2.wixproj", "{5969E6F8-9366-4B6E-A99F-6CF39244C528}"
EndProject
Project("{930C7802-8A8C-48F9-8165-68863BCCD9DD}") = "BundleOEM2", "WixBundleOEM2\BundleOEM2.wixproj", "{CCA3D865-CED2-4DA7-BFC7-AE63AD5EBC23}"
EndProject
Project("{930C7802-8A8C-48F9-8165-68863BCCD9DD}") = "SetupB2b168", "SetupProjectB2b168\SetupB2b168.wixproj", "{837E52F7-4E68-46A8-AC98-695E2497E80C}"
EndProject
Project("{FAE04EC0-301F-11D3-BF4B-00C04F79EFBC}") = "CustomBAB2b168", "CustomBAB2b168\CustomBAB2b168.csproj", "{D5367DA5-EA34-44E9-9091-CD5EEE808712}"
EndProject
Project("{930C7802-8A8C-48F9-8165-68863BCCD9DD}") = "BundleB2b168", "WixBundleB2b168\BundleB2b168.wixproj", "{0336308A-D9F1-41D7-B990-CE7FA1BE3DF2}"
EndProject
Global
	GlobalSection(SolutionConfigurationPlatforms) = preSolution
		Debug|Any CPU = Debug|Any CPU
		Debug|x86 = Debug|x86
		Release|Any CPU = Release|Any CPU
		Release|x86 = Release|x86
	EndGlobalSection
	GlobalSection(ProjectConfigurationPlatforms) = postSolution
		{63799059-A662-47C3-A1C7-F8E6608ADA5D}.Debug|Any CPU.ActiveCfg = Debug|x86
		{63799059-A662-47C3-A1C7-F8E6608ADA5D}.Debug|x86.ActiveCfg = Debug|x86
		{63799059-A662-47C3-A1C7-F8E6608ADA5D}.Debug|x86.Build.0 = Debug|x86
		{63799059-A662-47C3-A1C7-F8E6608ADA5D}.Release|Any CPU.ActiveCfg = Release|x86
		{63799059-A662-47C3-A1C7-F8E6608ADA5D}.Release|x86.ActiveCfg = Release|x86
		{63799059-A662-47C3-A1C7-F8E6608ADA5D}.Release|x86.Build.0 = Release|x86
		{5225E662-57B9-4876-9CD1-D485F8394E3C}.Debug|Any CPU.ActiveCfg = Debug|x86
		{5225E662-57B9-4876-9CD1-D485F8394E3C}.Debug|x86.ActiveCfg = Debug|x86
		{5225E662-57B9-4876-9CD1-D485F8394E3C}.Debug|x86.Build.0 = Debug|x86
		{5225E662-57B9-4876-9CD1-D485F8394E3C}.Release|Any CPU.ActiveCfg = Release|x86
		{5225E662-57B9-4876-9CD1-D485F8394E3C}.Release|x86.ActiveCfg = Release|x86
		{5225E662-57B9-4876-9CD1-D485F8394E3C}.Release|x86.Build.0 = Release|x86
		{0CC820FB-9B66-4C92-8906-7C9CB93C422B}.Debug|Any CPU.ActiveCfg = Debug|Any CPU
		{0CC820FB-9B66-4C92-8906-7C9CB93C422B}.Debug|Any CPU.Build.0 = Debug|Any CPU
		{0CC820FB-9B66-4C92-8906-7C9CB93C422B}.Debug|x86.ActiveCfg = Debug|Any CPU
		{0CC820FB-9B66-4C92-8906-7C9CB93C422B}.Debug|x86.Build.0 = Debug|Any CPU
		{0CC820FB-9B66-4C92-8906-7C9CB93C422B}.Release|Any CPU.ActiveCfg = Release|Any CPU
		{0CC820FB-9B66-4C92-8906-7C9CB93C422B}.Release|Any CPU.Build.0 = Release|Any CPU
		{0CC820FB-9B66-4C92-8906-7C9CB93C422B}.Release|x86.ActiveCfg = Release|Any CPU
		{0CC820FB-9B66-4C92-8906-7C9CB93C422B}.Release|x86.Build.0 = Release|Any CPU
		{5CF343CA-CE71-48BF-8231-9C05B5141997}.Debug|Any CPU.ActiveCfg = Debug|x86
		{5CF343CA-CE71-48BF-8231-9C05B5141997}.Debug|x86.ActiveCfg = Debug|x86
		{5CF343CA-CE71-48BF-8231-9C05B5141997}.Debug|x86.Build.0 = Debug|x86
		{5CF343CA-CE71-48BF-8231-9C05B5141997}.Release|Any CPU.ActiveCfg = Release|x86
		{5CF343CA-CE71-48BF-8231-9C05B5141997}.Release|x86.ActiveCfg = Release|x86
		{5CF343CA-CE71-48BF-8231-9C05B5141997}.Release|x86.Build.0 = Release|x86
		{73E1E80A-B2AD-4277-9E5A-7777732E473F}.Debug|Any CPU.ActiveCfg = Debug|Any CPU
		{73E1E80A-B2AD-4277-9E5A-7777732E473F}.Debug|Any CPU.Build.0 = Debug|Any CPU
		{73E1E80A-B2AD-4277-9E5A-7777732E473F}.Debug|x86.ActiveCfg = Debug|Any CPU
		{73E1E80A-B2AD-4277-9E5A-7777732E473F}.Debug|x86.Build.0 = Debug|Any CPU
		{73E1E80A-B2AD-4277-9E5A-7777732E473F}.Release|Any CPU.ActiveCfg = Release|Any CPU
		{73E1E80A-B2AD-4277-9E5A-7777732E473F}.Release|Any CPU.Build.0 = Release|Any CPU
		{73E1E80A-B2AD-4277-9E5A-7777732E473F}.Release|x86.ActiveCfg = Release|Any CPU
		{73E1E80A-B2AD-4277-9E5A-7777732E473F}.Release|x86.Build.0 = Release|Any CPU
		{9E827E90-AF19-4C6C-9CC0-68520FE2D48D}.Debug|Any CPU.ActiveCfg = Debug|x86
		{9E827E90-AF19-4C6C-9CC0-68520FE2D48D}.Debug|x86.ActiveCfg = Debug|x86
		{9E827E90-AF19-4C6C-9CC0-68520FE2D48D}.Debug|x86.Build.0 = Debug|x86
		{9E827E90-AF19-4C6C-9CC0-68520FE2D48D}.Release|Any CPU.ActiveCfg = Release|x86
		{9E827E90-AF19-4C6C-9CC0-68520FE2D48D}.Release|x86.ActiveCfg = Release|x86
		{9E827E90-AF19-4C6C-9CC0-68520FE2D48D}.Release|x86.Build.0 = Release|x86
		{5474B4BB-A1FD-4CAC-8538-0E1792805DDC}.Debug|Any CPU.ActiveCfg = Debug|Any CPU
		{5474B4BB-A1FD-4CAC-8538-0E1792805DDC}.Debug|Any CPU.Build.0 = Debug|Any CPU
		{5474B4BB-A1FD-4CAC-8538-0E1792805DDC}.Debug|x86.ActiveCfg = Debug|Any CPU
		{5474B4BB-A1FD-4CAC-8538-0E1792805DDC}.Debug|x86.Build.0 = Debug|Any CPU
		{5474B4BB-A1FD-4CAC-8538-0E1792805DDC}.Release|Any CPU.ActiveCfg = Release|Any CPU
		{5474B4BB-A1FD-4CAC-8538-0E1792805DDC}.Release|Any CPU.Build.0 = Release|Any CPU
		{5474B4BB-A1FD-4CAC-8538-0E1792805DDC}.Release|x86.ActiveCfg = Release|Any CPU
		{5474B4BB-A1FD-4CAC-8538-0E1792805DDC}.Release|x86.Build.0 = Release|Any CPU
		{5969E6F8-9366-4B6E-A99F-6CF39244C528}.Debug|Any CPU.ActiveCfg = Debug|x86
		{5969E6F8-9366-4B6E-A99F-6CF39244C528}.Debug|x86.ActiveCfg = Debug|x86
		{5969E6F8-9366-4B6E-A99F-6CF39244C528}.Debug|x86.Build.0 = Debug|x86
		{5969E6F8-9366-4B6E-A99F-6CF39244C528}.Release|Any CPU.ActiveCfg = Release|x86
		{5969E6F8-9366-4B6E-A99F-6CF39244C528}.Release|x86.ActiveCfg = Release|x86
		{5969E6F8-9366-4B6E-A99F-6CF39244C528}.Release|x86.Build.0 = Release|x86
		{CCA3D865-CED2-4DA7-BFC7-AE63AD5EBC23}.Debug|Any CPU.ActiveCfg = Debug|x86
		{CCA3D865-CED2-4DA7-BFC7-AE63AD5EBC23}.Debug|x86.ActiveCfg = Debug|x86
		{CCA3D865-CED2-4DA7-BFC7-AE63AD5EBC23}.Debug|x86.Build.0 = Debug|x86
		{CCA3D865-CED2-4DA7-BFC7-AE63AD5EBC23}.Release|Any CPU.ActiveCfg = Release|x86
		{CCA3D865-CED2-4DA7-BFC7-AE63AD5EBC23}.Release|x86.ActiveCfg = Release|x86
		{CCA3D865-CED2-4DA7-BFC7-AE63AD5EBC23}.Release|x86.Build.0 = Release|x86
		{837E52F7-4E68-46A8-AC98-695E2497E80C}.Debug|Any CPU.ActiveCfg = Debug|x86
		{837E52F7-4E68-46A8-AC98-695E2497E80C}.Debug|x86.ActiveCfg = Debug|x86
		{837E52F7-4E68-46A8-AC98-695E2497E80C}.Debug|x86.Build.0 = Debug|x86
		{837E52F7-4E68-46A8-AC98-695E2497E80C}.Release|Any CPU.ActiveCfg = Release|x86
		{837E52F7-4E68-46A8-AC98-695E2497E80C}.Release|x86.ActiveCfg = Release|x86
		{837E52F7-4E68-46A8-AC98-695E2497E80C}.Release|x86.Build.0 = Release|x86
		{D5367DA5-EA34-44E9-9091-CD5EEE808712}.Debug|Any CPU.ActiveCfg = Debug|Any CPU
		{D5367DA5-EA34-44E9-9091-CD5EEE808712}.Debug|Any CPU.Build.0 = Debug|Any CPU
		{D5367DA5-EA34-44E9-9091-CD5EEE808712}.Debug|x86.ActiveCfg = Debug|Any CPU
		{D5367DA5-EA34-44E9-9091-CD5EEE808712}.Debug|x86.Build.0 = Debug|Any CPU
		{D5367DA5-EA34-44E9-9091-CD5EEE808712}.Release|Any CPU.ActiveCfg = Release|Any CPU
		{D5367DA5-EA34-44E9-9091-CD5EEE808712}.Release|Any CPU.Build.0 = Release|Any CPU
		{D5367DA5-EA34-44E9-9091-CD5EEE808712}.Release|x86.ActiveCfg = Release|Any CPU
		{D5367DA5-EA34-44E9-9091-CD5EEE808712}.Release|x86.Build.0 = Release|Any CPU
		{0336308A-D9F1-41D7-B990-CE7FA1BE3DF2}.Debug|Any CPU.ActiveCfg = Debug|x86
		{0336308A-D9F1-41D7-B990-CE7FA1BE3DF2}.Debug|x86.ActiveCfg = Debug|x86
		{0336308A-D9F1-41D7-B990-CE7FA1BE3DF2}.Debug|x86.Build.0 = Debug|x86
		{0336308A-D9F1-41D7-B990-CE7FA1BE3DF2}.Release|Any CPU.ActiveCfg = Release|x86
		{0336308A-D9F1-41D7-B990-CE7FA1BE3DF2}.Release|x86.ActiveCfg = Release|x86
		{0336308A-D9F1-41D7-B990-CE7FA1BE3DF2}.Release|x86.Build.0 = Release|x86
	EndGlobalSection
	GlobalSection(SolutionProperties) = preSolution
		HideSolutionNode = FALSE
	EndGlobalSection
	GlobalSection(ExtensibilityGlobals) = postSolution
		SolutionGuid = {CE321D9B-7FEF-4C78-8656-98302B80CA36}
	EndGlobalSection
EndGlobal
