
Microsoft Visual Studio Solution File, Format Version 12.00
# Visual Studio 15
VisualStudioVersion = 15.0.27130.2026
MinimumVisualStudioVersion = 10.0.40219.1
Project("{FAE04EC0-301F-11D3-BF4B-00C04F79EFBC}") = "WpfTest", "WpfTest.csproj", "{63688241-D8FC-48D7-8A01-5A04F5592479}"
EndProject
Project("{FAE04EC0-301F-11D3-BF4B-00C04F79EFBC}") = "WpfApp1", "..\WpfApp1\WpfApp1.csproj", "{DDBEA22B-0739-4A0D-B63F-0A9A91DCEB46}"
EndProject
Global
	GlobalSection(SolutionConfigurationPlatforms) = preSolution
		Debug|Any CPU = Debug|Any CPU
		Release|Any CPU = Release|Any CPU
	EndGlobalSection
	GlobalSection(ProjectConfigurationPlatforms) = postSolution
		{63688241-D8FC-48D7-8A01-5A04F5592479}.Debug|Any CPU.ActiveCfg = Debug|Any CPU
		{63688241-D8FC-48D7-8A01-5A04F5592479}.Debug|Any CPU.Build.0 = Debug|Any CPU
		{63688241-D8FC-48D7-8A01-5A04F5592479}.Release|Any CPU.ActiveCfg = Release|Any CPU
		{63688241-D8FC-48D7-8A01-5A04F5592479}.Release|Any CPU.Build.0 = Release|Any CPU
		{DDBEA22B-0739-4A0D-B63F-0A9A91DCEB46}.Debug|Any CPU.ActiveCfg = Debug|Any CPU
		{DDBEA22B-0739-4A0D-B63F-0A9A91DCEB46}.Debug|Any CPU.Build.0 = Debug|Any CPU
		{DDBEA22B-0739-4A0D-B63F-0A9A91DCEB46}.Release|Any CPU.ActiveCfg = Release|Any CPU
		{DDBEA22B-0739-4A0D-B63F-0A9A91DCEB46}.Release|Any CPU.Build.0 = Release|Any CPU
	EndGlobalSection
	GlobalSection(SolutionProperties) = preSolution
		HideSolutionNode = FALSE
	EndGlobalSection
	GlobalSection(ExtensibilityGlobals) = postSolution
		SolutionGuid = {00B31055-BC7F-4CCA-A52B-92ED00EE1924}
	EndGlobalSection
EndGlobal
