
Microsoft Visual Studio Solution File, Format Version 12.00
# Visual Studio 15
VisualStudioVersion = 15.0.27130.2036
MinimumVisualStudioVersion = 10.0.40219.1
Project("{FAE04EC0-301F-11D3-BF4B-00C04F79EFBC}") = "WpfTest", "WpfTest.csproj", "{63688241-D8FC-48D7-8A01-5A04F5592479}"
EndProject
Project("{FAE04EC0-301F-11D3-BF4B-00C04F79EFBC}") = "字符串加密工具", "..\WpfApp1\字符串加密工具.csproj", "{DDBEA22B-0739-4A0D-B63F-0A9A91DCEB46}"
EndProject
Project("{FAE04EC0-301F-11D3-BF4B-00C04F79EFBC}") = "WpfTest2", "..\WpfTest2\WpfTest2.csproj", "{B67447E2-E262-4B16-B66A-574E02921A3B}"
EndProject
Project("{FAE04EC0-301F-11D3-BF4B-00C04F79EFBC}") = "NamedPipeServer", "..\NamedPipeServer\NamedPipeServer.csproj", "{5EC4986A-D4BF-4B14-9DDB-351279232AA6}"
EndProject
Project("{FAE04EC0-301F-11D3-BF4B-00C04F79EFBC}") = "WindowsFormsTest", "..\WindowsFormsTest\WindowsFormsTest.csproj", "{B066D054-2B1D-4ACA-B1F9-54D76BC2AC55}"
EndProject
Project("{FAE04EC0-301F-11D3-BF4B-00C04F79EFBC}") = "主机筛选", "..\主机筛选\主机筛选.csproj", "{4EDEB1B6-1F20-4713-82D0-DA1B0BE46D87}"
EndProject
Project("{FAE04EC0-301F-11D3-BF4B-00C04F79EFBC}") = "ConsoleApp1", "..\ConsoleApp1\ConsoleApp1.csproj", "{5C3E93C9-396F-472D-9AF4-CB8EE8E0F3B8}"
EndProject
Project("{FAE04EC0-301F-11D3-BF4B-00C04F79EFBC}") = "RichBoxTest", "..\RichBoxTest\RichBoxTest.csproj", "{9BAD6CE3-4E3E-48CC-826F-47E0F07704BE}"
EndProject
Global
	GlobalSection(SolutionConfigurationPlatforms) = preSolution
		Debug|Any CPU = Debug|Any CPU
		Release|Any CPU = Release|Any CPU
	EndGlobalSection
	GlobalSection(ProjectConfigurationPlatforms) = postSolution
		{63688241-D8FC-48D7-8A01-5A04F5592479}.Debug|Any CPU.ActiveCfg = Debug|Any CPU
		{63688241-D8FC-48D7-8A01-5A04F5592479}.Debug|Any CPU.Build.0 = Debug|Any CPU
		{63688241-D8FC-48D7-8A01-5A04F5592479}.Release|Any CPU.ActiveCfg = Release|Any CPU
		{63688241-D8FC-48D7-8A01-5A04F5592479}.Release|Any CPU.Build.0 = Release|Any CPU
		{DDBEA22B-0739-4A0D-B63F-0A9A91DCEB46}.Debug|Any CPU.ActiveCfg = Debug|Any CPU
		{DDBEA22B-0739-4A0D-B63F-0A9A91DCEB46}.Debug|Any CPU.Build.0 = Debug|Any CPU
		{DDBEA22B-0739-4A0D-B63F-0A9A91DCEB46}.Release|Any CPU.ActiveCfg = Release|Any CPU
		{DDBEA22B-0739-4A0D-B63F-0A9A91DCEB46}.Release|Any CPU.Build.0 = Release|Any CPU
		{B67447E2-E262-4B16-B66A-574E02921A3B}.Debug|Any CPU.ActiveCfg = Debug|Any CPU
		{B67447E2-E262-4B16-B66A-574E02921A3B}.Debug|Any CPU.Build.0 = Debug|Any CPU
		{B67447E2-E262-4B16-B66A-574E02921A3B}.Release|Any CPU.ActiveCfg = Release|Any CPU
		{B67447E2-E262-4B16-B66A-574E02921A3B}.Release|Any CPU.Build.0 = Release|Any CPU
		{5EC4986A-D4BF-4B14-9DDB-351279232AA6}.Debug|Any CPU.ActiveCfg = Debug|Any CPU
		{5EC4986A-D4BF-4B14-9DDB-351279232AA6}.Debug|Any CPU.Build.0 = Debug|Any CPU
		{5EC4986A-D4BF-4B14-9DDB-351279232AA6}.Release|Any CPU.ActiveCfg = Release|Any CPU
		{5EC4986A-D4BF-4B14-9DDB-351279232AA6}.Release|Any CPU.Build.0 = Release|Any CPU
		{B066D054-2B1D-4ACA-B1F9-54D76BC2AC55}.Debug|Any CPU.ActiveCfg = Debug|Any CPU
		{B066D054-2B1D-4ACA-B1F9-54D76BC2AC55}.Debug|Any CPU.Build.0 = Debug|Any CPU
		{B066D054-2B1D-4ACA-B1F9-54D76BC2AC55}.Release|Any CPU.ActiveCfg = Release|Any CPU
		{B066D054-2B1D-4ACA-B1F9-54D76BC2AC55}.Release|Any CPU.Build.0 = Release|Any CPU
		{4EDEB1B6-1F20-4713-82D0-DA1B0BE46D87}.Debug|Any CPU.ActiveCfg = Debug|Any CPU
		{4EDEB1B6-1F20-4713-82D0-DA1B0BE46D87}.Debug|Any CPU.Build.0 = Debug|Any CPU
		{4EDEB1B6-1F20-4713-82D0-DA1B0BE46D87}.Release|Any CPU.ActiveCfg = Release|Any CPU
		{4EDEB1B6-1F20-4713-82D0-DA1B0BE46D87}.Release|Any CPU.Build.0 = Release|Any CPU
		{5C3E93C9-396F-472D-9AF4-CB8EE8E0F3B8}.Debug|Any CPU.ActiveCfg = Debug|Any CPU
		{5C3E93C9-396F-472D-9AF4-CB8EE8E0F3B8}.Debug|Any CPU.Build.0 = Debug|Any CPU
		{5C3E93C9-396F-472D-9AF4-CB8EE8E0F3B8}.Release|Any CPU.ActiveCfg = Release|Any CPU
		{5C3E93C9-396F-472D-9AF4-CB8EE8E0F3B8}.Release|Any CPU.Build.0 = Release|Any CPU
		{9BAD6CE3-4E3E-48CC-826F-47E0F07704BE}.Debug|Any CPU.ActiveCfg = Debug|Any CPU
		{9BAD6CE3-4E3E-48CC-826F-47E0F07704BE}.Debug|Any CPU.Build.0 = Debug|Any CPU
		{9BAD6CE3-4E3E-48CC-826F-47E0F07704BE}.Release|Any CPU.ActiveCfg = Release|Any CPU
		{9BAD6CE3-4E3E-48CC-826F-47E0F07704BE}.Release|Any CPU.Build.0 = Release|Any CPU
	EndGlobalSection
	GlobalSection(SolutionProperties) = preSolution
		HideSolutionNode = FALSE
	EndGlobalSection
	GlobalSection(ExtensibilityGlobals) = postSolution
		SolutionGuid = {00B31055-BC7F-4CCA-A52B-92ED00EE1924}
	EndGlobalSection
EndGlobal
